
Microsoft Visual Studio Solution File, Format Version 12.00
# Visual Studio Version 17
VisualStudioVersion = 17.14.36203.30 d17.14
MinimumVisualStudioVersion = 10.0.40219.1
Project("{F2A71F9B-5D33-465A-A702-920D77279786}") = "Compiler", "Compiler\Compiler.fsproj", "{39D0BBFC-C514-4207-97F2-7CEE3FCE065C}"
EndProject
Global
	GlobalSection(SolutionConfigurationPlatforms) = preSolution
		Debug|Any CPU = Debug|Any CPU
		Release|Any CPU = Release|Any CPU
	EndGlobalSection
	GlobalSection(ProjectConfigurationPlatforms) = postSolution
		{39D0BBFC-C514-4207-97F2-7CEE3FCE065C}.Debug|Any CPU.ActiveCfg = Debug|Any CPU
		{39D0BBFC-C514-4207-97F2-7CEE3FCE065C}.Debug|Any CPU.Build.0 = Debug|Any CPU
		{39D0BBFC-C514-4207-97F2-7CEE3FCE065C}.Release|Any CPU.ActiveCfg = Release|Any CPU
		{39D0BBFC-C514-4207-97F2-7CEE3FCE065C}.Release|Any CPU.Build.0 = Release|Any CPU
	EndGlobalSection
	GlobalSection(SolutionProperties) = preSolution
		HideSolutionNode = FALSE
	EndGlobalSection
	GlobalSection(ExtensibilityGlobals) = postSolution
		SolutionGuid = {B3F451BE-225A-4347-A166-0F889FD7778D}
	EndGlobalSection
EndGlobal
